// !$*UTF8*$!
{
	archiveVersion = 1;
	classes = {
	};
	objectVersion = 56;
	objects = {

/* Begin PBXBuildFile section */
		67CCD0692A49A8B700B43742 /* ToDoListApp.swift in Sources */ = {isa = PBXBuildFile; fileRef = 67CCD0682A49A8B700B43742 /* ToDoListApp.swift */; };
		67CCD06B2A49A8B700B43742 /* MainView.swift in Sources */ = {isa = PBXBuildFile; fileRef = 67CCD06A2A49A8B700B43742 /* MainView.swift */; };
		67CCD06D2A49A8B800B43742 /* Assets.xcassets in Resources */ = {isa = PBXBuildFile; fileRef = 67CCD06C2A49A8B800B43742 /* Assets.xcassets */; };
		67CCD0702A49A8B800B43742 /* Preview Assets.xcassets in Resources */ = {isa = PBXBuildFile; fileRef = 67CCD06F2A49A8B800B43742 /* Preview Assets.xcassets */; };
		67CCD0782A49AAE000B43742 /* FirebaseAuth in Frameworks */ = {isa = PBXBuildFile; productRef = 67CCD0772A49AAE000B43742 /* FirebaseAuth */; };
		67CCD07A2A49AAE000B43742 /* FirebaseFirestore in Frameworks */ = {isa = PBXBuildFile; productRef = 67CCD0792A49AAE000B43742 /* FirebaseFirestore */; };
		67CCD07C2A49AAE000B43742 /* FirebaseFirestoreSwift in Frameworks */ = {isa = PBXBuildFile; productRef = 67CCD07B2A49AAE000B43742 /* FirebaseFirestoreSwift */; };
		67CCD07E2A49ACD600B43742 /* GoogleService-Info.plist in Resources */ = {isa = PBXBuildFile; fileRef = 67CCD07D2A49ACD600B43742 /* GoogleService-Info.plist */; };
		67CCD0842A49B0AD00B43742 /* ProfileView.swift in Sources */ = {isa = PBXBuildFile; fileRef = 67CCD0832A49B0AD00B43742 /* ProfileView.swift */; };
		67CCD0862A49B0D700B43742 /* ToDoListView.swift in Sources */ = {isa = PBXBuildFile; fileRef = 67CCD0852A49B0D700B43742 /* ToDoListView.swift */; };
		67CCD0882A49B16D00B43742 /* NewItemView.swift in Sources */ = {isa = PBXBuildFile; fileRef = 67CCD0872A49B16D00B43742 /* NewItemView.swift */; };
		67CCD08A2A49B17D00B43742 /* LoginView.swift in Sources */ = {isa = PBXBuildFile; fileRef = 67CCD0892A49B17D00B43742 /* LoginView.swift */; };
		67CCD08C2A49B18900B43742 /* RegisterView.swift in Sources */ = {isa = PBXBuildFile; fileRef = 67CCD08B2A49B18900B43742 /* RegisterView.swift */; };
		67CCD08E2A49B1A200B43742 /* TodoListItemView.swift in Sources */ = {isa = PBXBuildFile; fileRef = 67CCD08D2A49B1A200B43742 /* TodoListItemView.swift */; };
		67CCD0902A49B1DB00B43742 /* User.swift in Sources */ = {isa = PBXBuildFile; fileRef = 67CCD08F2A49B1DB00B43742 /* User.swift */; };
		67CCD0922A49B1ED00B43742 /* ToDoListItem.swift in Sources */ = {isa = PBXBuildFile; fileRef = 67CCD0912A49B1ED00B43742 /* ToDoListItem.swift */; };
		67CCD0942A49B6B700B43742 /* MainViewViewModel.swift in Sources */ = {isa = PBXBuildFile; fileRef = 67CCD0932A49B6B700B43742 /* MainViewViewModel.swift */; };
		67CCD0962A49B6C700B43742 /* ProfileViewViewModel.swift in Sources */ = {isa = PBXBuildFile; fileRef = 67CCD0952A49B6C700B43742 /* ProfileViewViewModel.swift */; };
		67CCD0982A49B6DE00B43742 /* ToDoListViewViewModel.swift in Sources */ = {isa = PBXBuildFile; fileRef = 67CCD0972A49B6DE00B43742 /* ToDoListViewViewModel.swift */; };
		67CCD09A2A49B6F100B43742 /* NewItemViewViewModel.swift in Sources */ = {isa = PBXBuildFile; fileRef = 67CCD0992A49B6F100B43742 /* NewItemViewViewModel.swift */; };
		67CCD09C2A49B70D00B43742 /* LoginViewViewModel.swift in Sources */ = {isa = PBXBuildFile; fileRef = 67CCD09B2A49B70D00B43742 /* LoginViewViewModel.swift */; };
		67CCD09E2A49B71F00B43742 /* RegisterViewViewModel.swift in Sources */ = {isa = PBXBuildFile; fileRef = 67CCD09D2A49B71F00B43742 /* RegisterViewViewModel.swift */; };
		67CCD0A02A49B73B00B43742 /* TodoListItemViewViewModel.swift in Sources */ = {isa = PBXBuildFile; fileRef = 67CCD09F2A49B73B00B43742 /* TodoListItemViewViewModel.swift */; };
/* End PBXBuildFile section */

/* Begin PBXFileReference section */
		67CCD0652A49A8B700B43742 /* ToDoList.app */ = {isa = PBXFileReference; explicitFileType = wrapper.application; includeInIndex = 0; path = ToDoList.app; sourceTree = BUILT_PRODUCTS_DIR; };
		67CCD0682A49A8B700B43742 /* ToDoListApp.swift */ = {isa = PBXFileReference; lastKnownFileType = sourcecode.swift; path = ToDoListApp.swift; sourceTree = "<group>"; };
		67CCD06A2A49A8B700B43742 /* MainView.swift */ = {isa = PBXFileReference; lastKnownFileType = sourcecode.swift; path = MainView.swift; sourceTree = "<group>"; };
		67CCD06C2A49A8B800B43742 /* Assets.xcassets */ = {isa = PBXFileReference; lastKnownFileType = folder.assetcatalog; path = Assets.xcassets; sourceTree = "<group>"; };
		67CCD06F2A49A8B800B43742 /* Preview Assets.xcassets */ = {isa = PBXFileReference; lastKnownFileType = folder.assetcatalog; path = "Preview Assets.xcassets"; sourceTree = "<group>"; };
		67CCD07D2A49ACD600B43742 /* GoogleService-Info.plist */ = {isa = PBXFileReference; fileEncoding = 4; lastKnownFileType = text.plist.xml; path = "GoogleService-Info.plist"; sourceTree = "<group>"; };
		67CCD0832A49B0AD00B43742 /* ProfileView.swift */ = {isa = PBXFileReference; lastKnownFileType = sourcecode.swift; path = ProfileView.swift; sourceTree = "<group>"; };
		67CCD0852A49B0D700B43742 /* ToDoListView.swift */ = {isa = PBXFileReference; lastKnownFileType = sourcecode.swift; path = ToDoListView.swift; sourceTree = "<group>"; };
		67CCD0872A49B16D00B43742 /* NewItemView.swift */ = {isa = PBXFileReference; lastKnownFileType = sourcecode.swift; path = NewItemView.swift; sourceTree = "<group>"; };
		67CCD0892A49B17D00B43742 /* LoginView.swift */ = {isa = PBXFileReference; lastKnownFileType = sourcecode.swift; path = LoginView.swift; sourceTree = "<group>"; };
		67CCD08B2A49B18900B43742 /* RegisterView.swift */ = {isa = PBXFileReference; lastKnownFileType = sourcecode.swift; path = RegisterView.swift; sourceTree = "<group>"; };
		67CCD08D2A49B1A200B43742 /* TodoListItemView.swift */ = {isa = PBXFileReference; lastKnownFileType = sourcecode.swift; path = TodoListItemView.swift; sourceTree = "<group>"; };
		67CCD08F2A49B1DB00B43742 /* User.swift */ = {isa = PBXFileReference; lastKnownFileType = sourcecode.swift; path = User.swift; sourceTree = "<group>"; };
		67CCD0912A49B1ED00B43742 /* ToDoListItem.swift */ = {isa = PBXFileReference; lastKnownFileType = sourcecode.swift; path = ToDoListItem.swift; sourceTree = "<group>"; };
		67CCD0932A49B6B700B43742 /* MainViewViewModel.swift */ = {isa = PBXFileReference; lastKnownFileType = sourcecode.swift; path = MainViewViewModel.swift; sourceTree = "<group>"; };
		67CCD0952A49B6C700B43742 /* ProfileViewViewModel.swift */ = {isa = PBXFileReference; lastKnownFileType = sourcecode.swift; path = ProfileViewViewModel.swift; sourceTree = "<group>"; };
		67CCD0972A49B6DE00B43742 /* ToDoListViewViewModel.swift */ = {isa = PBXFileReference; lastKnownFileType = sourcecode.swift; path = ToDoListViewViewModel.swift; sourceTree = "<group>"; };
		67CCD0992A49B6F100B43742 /* NewItemViewViewModel.swift */ = {isa = PBXFileReference; lastKnownFileType = sourcecode.swift; path = NewItemViewViewModel.swift; sourceTree = "<group>"; };
		67CCD09B2A49B70D00B43742 /* LoginViewViewModel.swift */ = {isa = PBXFileReference; lastKnownFileType = sourcecode.swift; path = LoginViewViewModel.swift; sourceTree = "<group>"; };
		67CCD09D2A49B71F00B43742 /* RegisterViewViewModel.swift */ = {isa = PBXFileReference; lastKnownFileType = sourcecode.swift; path = RegisterViewViewModel.swift; sourceTree = "<group>"; };
		67CCD09F2A49B73B00B43742 /* TodoListItemViewViewModel.swift */ = {isa = PBXFileReference; lastKnownFileType = sourcecode.swift; path = TodoListItemViewViewModel.swift; sourceTree = "<group>"; };
/* End PBXFileReference section */

/* Begin PBXFrameworksBuildPhase section */
		67CCD0622A49A8B700B43742 /* Frameworks */ = {
			isa = PBXFrameworksBuildPhase;
			buildActionMask = 2147483647;
			files = (
				67CCD0782A49AAE000B43742 /* FirebaseAuth in Frameworks */,
				67CCD07A2A49AAE000B43742 /* FirebaseFirestore in Frameworks */,
				67CCD07C2A49AAE000B43742 /* FirebaseFirestoreSwift in Frameworks */,
			);
			runOnlyForDeploymentPostprocessing = 0;
		};
/* End PBXFrameworksBuildPhase section */

/* Begin PBXGroup section */
		67CCD05C2A49A8B700B43742 = {
			isa = PBXGroup;
			children = (
				67CCD0672A49A8B700B43742 /* ToDoList */,
				67CCD0662A49A8B700B43742 /* Products */,
			);
			sourceTree = "<group>";
		};
		67CCD0662A49A8B700B43742 /* Products */ = {
			isa = PBXGroup;
			children = (
				67CCD0652A49A8B700B43742 /* ToDoList.app */,
			);
			name = Products;
			sourceTree = "<group>";
		};
		67CCD0672A49A8B700B43742 /* ToDoList */ = {
			isa = PBXGroup;
			children = (
				67CCD0822A49AF7C00B43742 /* Other */,
				67CCD0812A49AF6000B43742 /* Models */,
				67CCD0802A49AF5600B43742 /* ViewModels */,
				67CCD07F2A49AF3C00B43742 /* Views */,
				67CCD06E2A49A8B800B43742 /* Preview Content */,
			);
			path = ToDoList;
			sourceTree = "<group>";
		};
		67CCD06E2A49A8B800B43742 /* Preview Content */ = {
			isa = PBXGroup;
			children = (
				67CCD06F2A49A8B800B43742 /* Preview Assets.xcassets */,
			);
			path = "Preview Content";
			sourceTree = "<group>";
		};
		67CCD07F2A49AF3C00B43742 /* Views */ = {
			isa = PBXGroup;
			children = (
				67CCD06A2A49A8B700B43742 /* MainView.swift */,
				67CCD0832A49B0AD00B43742 /* ProfileView.swift */,
				67CCD0852A49B0D700B43742 /* ToDoListView.swift */,
				67CCD0872A49B16D00B43742 /* NewItemView.swift */,
				67CCD0892A49B17D00B43742 /* LoginView.swift */,
				67CCD08B2A49B18900B43742 /* RegisterView.swift */,
				67CCD08D2A49B1A200B43742 /* TodoListItemView.swift */,
			);
			path = Views;
			sourceTree = "<group>";
		};
		67CCD0802A49AF5600B43742 /* ViewModels */ = {
			isa = PBXGroup;
			children = (
				67CCD0932A49B6B700B43742 /* MainViewViewModel.swift */,
				67CCD0952A49B6C700B43742 /* ProfileViewViewModel.swift */,
				67CCD0972A49B6DE00B43742 /* ToDoListViewViewModel.swift */,
				67CCD0992A49B6F100B43742 /* NewItemViewViewModel.swift */,
				67CCD09B2A49B70D00B43742 /* LoginViewViewModel.swift */,
				67CCD09D2A49B71F00B43742 /* RegisterViewViewModel.swift */,
				67CCD09F2A49B73B00B43742 /* TodoListItemViewViewModel.swift */,
			);
			path = ViewModels;
			sourceTree = "<group>";
		};
		67CCD0812A49AF6000B43742 /* Models */ = {
			isa = PBXGroup;
			children = (
				67CCD08F2A49B1DB00B43742 /* User.swift */,
				67CCD0912A49B1ED00B43742 /* ToDoListItem.swift */,
			);
			path = Models;
			sourceTree = "<group>";
		};
		67CCD0822A49AF7C00B43742 /* Other */ = {
			isa = PBXGroup;
			children = (
				67CCD06C2A49A8B800B43742 /* Assets.xcassets */,
				67CCD0682A49A8B700B43742 /* ToDoListApp.swift */,
				67CCD07D2A49ACD600B43742 /* GoogleService-Info.plist */,
			);
			path = Other;
			sourceTree = "<group>";
		};
/* End PBXGroup section */

/* Begin PBXNativeTarget section */
		67CCD0642A49A8B700B43742 /* ToDoList */ = {
			isa = PBXNativeTarget;
			buildConfigurationList = 67CCD0732A49A8B800B43742 /* Build configuration list for PBXNativeTarget "ToDoList" */;
			buildPhases = (
				67CCD0612A49A8B700B43742 /* Sources */,
				67CCD0622A49A8B700B43742 /* Frameworks */,
				67CCD0632A49A8B700B43742 /* Resources */,
			);
			buildRules = (
			);
			dependencies = (
			);
			name = ToDoList;
			packageProductDependencies = (
				67CCD0772A49AAE000B43742 /* FirebaseAuth */,
				67CCD0792A49AAE000B43742 /* FirebaseFirestore */,
				67CCD07B2A49AAE000B43742 /* FirebaseFirestoreSwift */,
			);
			productName = ToDoList;
			productReference = 67CCD0652A49A8B700B43742 /* ToDoList.app */;
			productType = "com.apple.product-type.application";
		};
/* End PBXNativeTarget section */

/* Begin PBXProject section */
		67CCD05D2A49A8B700B43742 /* Project object */ = {
			isa = PBXProject;
			attributes = {
				BuildIndependentTargetsInParallel = 1;
				LastSwiftUpdateCheck = 1430;
				LastUpgradeCheck = 1430;
				TargetAttributes = {
					67CCD0642A49A8B700B43742 = {
						CreatedOnToolsVersion = 14.3.1;
					};
				};
			};
			buildConfigurationList = 67CCD0602A49A8B700B43742 /* Build configuration list for PBXProject "ToDoList" */;
			compatibilityVersion = "Xcode 14.0";
			developmentRegion = en;
			hasScannedForEncodings = 0;
			knownRegions = (
				en,
				Base,
			);
			mainGroup = 67CCD05C2A49A8B700B43742;
			packageReferences = (
				67CCD0762A49AAE000B43742 /* XCRemoteSwiftPackageReference "firebase-ios-sdk" */,
			);
			productRefGroup = 67CCD0662A49A8B700B43742 /* Products */;
			projectDirPath = "";
			projectRoot = "";
			targets = (
				67CCD0642A49A8B700B43742 /* ToDoList */,
			);
		};
/* End PBXProject section */

/* Begin PBXResourcesBuildPhase section */
		67CCD0632A49A8B700B43742 /* Resources */ = {
			isa = PBXResourcesBuildPhase;
			buildActionMask = 2147483647;
			files = (
				67CCD0702A49A8B800B43742 /* Preview Assets.xcassets in Resources */,
				67CCD06D2A49A8B800B43742 /* Assets.xcassets in Resources */,
				67CCD07E2A49ACD600B43742 /* GoogleService-Info.plist in Resources */,
			);
			runOnlyForDeploymentPostprocessing = 0;
		};
/* End PBXResourcesBuildPhase section */

/* Begin PBXSourcesBuildPhase section */
		67CCD0612A49A8B700B43742 /* Sources */ = {
			isa = PBXSourcesBuildPhase;
			buildActionMask = 2147483647;
			files = (
				67CCD08A2A49B17D00B43742 /* LoginView.swift in Sources */,
				67CCD0A02A49B73B00B43742 /* TodoListItemViewViewModel.swift in Sources */,
				67CCD06B2A49A8B700B43742 /* MainView.swift in Sources */,
				67CCD09E2A49B71F00B43742 /* RegisterViewViewModel.swift in Sources */,
				67CCD0942A49B6B700B43742 /* MainViewViewModel.swift in Sources */,
				67CCD0862A49B0D700B43742 /* ToDoListView.swift in Sources */,
				67CCD08C2A49B18900B43742 /* RegisterView.swift in Sources */,
				67CCD0962A49B6C700B43742 /* ProfileViewViewModel.swift in Sources */,
				67CCD0842A49B0AD00B43742 /* ProfileView.swift in Sources */,
				67CCD0902A49B1DB00B43742 /* User.swift in Sources */,
				67CCD08E2A49B1A200B43742 /* TodoListItemView.swift in Sources */,
				67CCD0982A49B6DE00B43742 /* ToDoListViewViewModel.swift in Sources */,
				67CCD09C2A49B70D00B43742 /* LoginViewViewModel.swift in Sources */,
				67CCD0692A49A8B700B43742 /* ToDoListApp.swift in Sources */,
				67CCD0922A49B1ED00B43742 /* ToDoListItem.swift in Sources */,
				67CCD0882A49B16D00B43742 /* NewItemView.swift in Sources */,
				67CCD09A2A49B6F100B43742 /* NewItemViewViewModel.swift in Sources */,
			);
			runOnlyForDeploymentPostprocessing = 0;
		};
/* End PBXSourcesBuildPhase section */

/* Begin XCBuildConfiguration section */
		67CCD0712A49A8B800B43742 /* Debug */ = {
			isa = XCBuildConfiguration;
			buildSettings = {
				ALWAYS_SEARCH_USER_PATHS = NO;
				CLANG_ANALYZER_NONNULL = YES;
				CLANG_ANALYZER_NUMBER_OBJECT_CONVERSION = YES_AGGRESSIVE;
				CLANG_CXX_LANGUAGE_STANDARD = "gnu++20";
				CLANG_ENABLE_MODULES = YES;
				CLANG_ENABLE_OBJC_ARC = YES;
				CLANG_ENABLE_OBJC_WEAK = YES;
				CLANG_WARN_BLOCK_CAPTURE_AUTORELEASING = YES;
				CLANG_WARN_BOOL_CONVERSION = YES;
				CLANG_WARN_COMMA = YES;
				CLANG_WARN_CONSTANT_CONVERSION = YES;
				CLANG_WARN_DEPRECATED_OBJC_IMPLEMENTATIONS = YES;
				CLANG_WARN_DIRECT_OBJC_ISA_USAGE = YES_ERROR;
				CLANG_WARN_DOCUMENTATION_COMMENTS = YES;
				CLANG_WARN_EMPTY_BODY = YES;
				CLANG_WARN_ENUM_CONVERSION = YES;
				CLANG_WARN_INFINITE_RECURSION = YES;
				CLANG_WARN_INT_CONVERSION = YES;
				CLANG_WARN_NON_LITERAL_NULL_CONVERSION = YES;
				CLANG_WARN_OBJC_IMPLICIT_RETAIN_SELF = YES;
				CLANG_WARN_OBJC_LITERAL_CONVERSION = YES;
				CLANG_WARN_OBJC_ROOT_CLASS = YES_ERROR;
				CLANG_WARN_QUOTED_INCLUDE_IN_FRAMEWORK_HEADER = YES;
				CLANG_WARN_RANGE_LOOP_ANALYSIS = YES;
				CLANG_WARN_STRICT_PROTOTYPES = YES;
				CLANG_WARN_SUSPICIOUS_MOVE = YES;
				CLANG_WARN_UNGUARDED_AVAILABILITY = YES_AGGRESSIVE;
				CLANG_WARN_UNREACHABLE_CODE = YES;
				CLANG_WARN__DUPLICATE_METHOD_MATCH = YES;
				COPY_PHASE_STRIP = NO;
				DEBUG_INFORMATION_FORMAT = dwarf;
				ENABLE_STRICT_OBJC_MSGSEND = YES;
				ENABLE_TESTABILITY = YES;
				GCC_C_LANGUAGE_STANDARD = gnu11;
				GCC_DYNAMIC_NO_PIC = NO;
				GCC_NO_COMMON_BLOCKS = YES;
				GCC_OPTIMIZATION_LEVEL = 0;
				GCC_PREPROCESSOR_DEFINITIONS = (
					"DEBUG=1",
					"$(inherited)",
				);
				GCC_WARN_64_TO_32_BIT_CONVERSION = YES;
				GCC_WARN_ABOUT_RETURN_TYPE = YES_ERROR;
				GCC_WARN_UNDECLARED_SELECTOR = YES;
				GCC_WARN_UNINITIALIZED_AUTOS = YES_AGGRESSIVE;
				GCC_WARN_UNUSED_FUNCTION = YES;
				GCC_WARN_UNUSED_VARIABLE = YES;
				IPHONEOS_DEPLOYMENT_TARGET = 16.4;
				MTL_ENABLE_DEBUG_INFO = INCLUDE_SOURCE;
				MTL_FAST_MATH = YES;
				ONLY_ACTIVE_ARCH = YES;
				SDKROOT = iphoneos;
				SWIFT_ACTIVE_COMPILATION_CONDITIONS = DEBUG;
				SWIFT_OPTIMIZATION_LEVEL = "-Onone";
			};
			name = Debug;
		};
		67CCD0722A49A8B800B43742 /* Release */ = {
			isa = XCBuildConfiguration;
			buildSettings = {
				ALWAYS_SEARCH_USER_PATHS = NO;
				CLANG_ANALYZER_NONNULL = YES;
				CLANG_ANALYZER_NUMBER_OBJECT_CONVERSION = YES_AGGRESSIVE;
				CLANG_CXX_LANGUAGE_STANDARD = "gnu++20";
				CLANG_ENABLE_MODULES = YES;
				CLANG_ENABLE_OBJC_ARC = YES;
				CLANG_ENABLE_OBJC_WEAK = YES;
				CLANG_WARN_BLOCK_CAPTURE_AUTORELEASING = YES;
				CLANG_WARN_BOOL_CONVERSION = YES;
				CLANG_WARN_COMMA = YES;
				CLANG_WARN_CONSTANT_CONVERSION = YES;
				CLANG_WARN_DEPRECATED_OBJC_IMPLEMENTATIONS = YES;
				CLANG_WARN_DIRECT_OBJC_ISA_USAGE = YES_ERROR;
				CLANG_WARN_DOCUMENTATION_COMMENTS = YES;
				CLANG_WARN_EMPTY_BODY = YES;
				CLANG_WARN_ENUM_CONVERSION = YES;
				CLANG_WARN_INFINITE_RECURSION = YES;
				CLANG_WARN_INT_CONVERSION = YES;
				CLANG_WARN_NON_LITERAL_NULL_CONVERSION = YES;
				CLANG_WARN_OBJC_IMPLICIT_RETAIN_SELF = YES;
				CLANG_WARN_OBJC_LITERAL_CONVERSION = YES;
				CLANG_WARN_OBJC_ROOT_CLASS = YES_ERROR;
				CLANG_WARN_QUOTED_INCLUDE_IN_FRAMEWORK_HEADER = YES;
				CLANG_WARN_RANGE_LOOP_ANALYSIS = YES;
				CLANG_WARN_STRICT_PROTOTYPES = YES;
				CLANG_WARN_SUSPICIOUS_MOVE = YES;
				CLANG_WARN_UNGUARDED_AVAILABILITY = YES_AGGRESSIVE;
				CLANG_WARN_UNREACHABLE_CODE = YES;
				CLANG_WARN__DUPLICATE_METHOD_MATCH = YES;
				COPY_PHASE_STRIP = NO;
				DEBUG_INFORMATION_FORMAT = "dwarf-with-dsym";
				ENABLE_NS_ASSERTIONS = NO;
				ENABLE_STRICT_OBJC_MSGSEND = YES;
				GCC_C_LANGUAGE_STANDARD = gnu11;
				GCC_NO_COMMON_BLOCKS = YES;
				GCC_WARN_64_TO_32_BIT_CONVERSION = YES;
				GCC_WARN_ABOUT_RETURN_TYPE = YES_ERROR;
				GCC_WARN_UNDECLARED_SELECTOR = YES;
				GCC_WARN_UNINITIALIZED_AUTOS = YES_AGGRESSIVE;
				GCC_WARN_UNUSED_FUNCTION = YES;
				GCC_WARN_UNUSED_VARIABLE = YES;
				IPHONEOS_DEPLOYMENT_TARGET = 16.4;
				MTL_ENABLE_DEBUG_INFO = NO;
				MTL_FAST_MATH = YES;
				SDKROOT = iphoneos;
				SWIFT_COMPILATION_MODE = wholemodule;
				SWIFT_OPTIMIZATION_LEVEL = "-O";
				VALIDATE_PRODUCT = YES;
			};
			name = Release;
		};
		67CCD0742A49A8B800B43742 /* Debug */ = {
			isa = XCBuildConfiguration;
			buildSettings = {
				ASSETCATALOG_COMPILER_APPICON_NAME = AppIcon;
				ASSETCATALOG_COMPILER_GLOBAL_ACCENT_COLOR_NAME = AccentColor;
				CODE_SIGN_STYLE = Automatic;
				CURRENT_PROJECT_VERSION = 1;
				DEVELOPMENT_ASSET_PATHS = "\"ToDoList/Preview Content\"";
				DEVELOPMENT_TEAM = GUTYHSBZLQ;
				ENABLE_PREVIEWS = YES;
				GENERATE_INFOPLIST_FILE = YES;
				INFOPLIST_KEY_CFBundleDisplayName = "To Do List";
				INFOPLIST_KEY_UIApplicationSceneManifest_Generation = YES;
				INFOPLIST_KEY_UIApplicationSupportsIndirectInputEvents = YES;
				INFOPLIST_KEY_UILaunchScreen_Generation = YES;
				INFOPLIST_KEY_UISupportedInterfaceOrientations = UIInterfaceOrientationPortrait;
				LD_RUNPATH_SEARCH_PATHS = (
					"$(inherited)",
					"@executable_path/Frameworks",
				);
				MARKETING_VERSION = 1.0;
				PRODUCT_BUNDLE_IDENTIFIER = com.burakaydin.ToDoList;
				PRODUCT_NAME = "$(TARGET_NAME)";
				SWIFT_EMIT_LOC_STRINGS = YES;
				SWIFT_VERSION = 5.0;
				TARGETED_DEVICE_FAMILY = "1,2";
			};
			name = Debug;
		};
		67CCD0752A49A8B800B43742 /* Release */ = {
			isa = XCBuildConfiguration;
			buildSettings = {
				ASSETCATALOG_COMPILER_APPICON_NAME = AppIcon;
				ASSETCATALOG_COMPILER_GLOBAL_ACCENT_COLOR_NAME = AccentColor;
				CODE_SIGN_STYLE = Automatic;
				CURRENT_PROJECT_VERSION = 1;
				DEVELOPMENT_ASSET_PATHS = "\"ToDoList/Preview Content\"";
				DEVELOPMENT_TEAM = GUTYHSBZLQ;
				ENABLE_PREVIEWS = YES;
				GENERATE_INFOPLIST_FILE = YES;
				INFOPLIST_KEY_CFBundleDisplayName = "To Do List";
				INFOPLIST_KEY_UIApplicationSceneManifest_Generation = YES;
				INFOPLIST_KEY_UIApplicationSupportsIndirectInputEvents = YES;
				INFOPLIST_KEY_UILaunchScreen_Generation = YES;
				INFOPLIST_KEY_UISupportedInterfaceOrientations = UIInterfaceOrientationPortrait;
				LD_RUNPATH_SEARCH_PATHS = (
					"$(inherited)",
					"@executable_path/Frameworks",
				);
				MARKETING_VERSION = 1.0;
				PRODUCT_BUNDLE_IDENTIFIER = com.burakaydin.ToDoList;
				PRODUCT_NAME = "$(TARGET_NAME)";
				SWIFT_EMIT_LOC_STRINGS = YES;
				SWIFT_VERSION = 5.0;
				TARGETED_DEVICE_FAMILY = "1,2";
			};
			name = Release;
		};
/* End XCBuildConfiguration section */

/* Begin XCConfigurationList section */
		67CCD0602A49A8B700B43742 /* Build configuration list for PBXProject "ToDoList" */ = {
			isa = XCConfigurationList;
			buildConfigurations = (
				67CCD0712A49A8B800B43742 /* Debug */,
				67CCD0722A49A8B800B43742 /* Release */,
			);
			defaultConfigurationIsVisible = 0;
			defaultConfigurationName = Release;
		};
		67CCD0732A49A8B800B43742 /* Build configuration list for PBXNativeTarget "ToDoList" */ = {
			isa = XCConfigurationList;
			buildConfigurations = (
				67CCD0742A49A8B800B43742 /* Debug */,
				67CCD0752A49A8B800B43742 /* Release */,
			);
			defaultConfigurationIsVisible = 0;
			defaultConfigurationName = Release;
		};
/* End XCConfigurationList section */

/* Begin XCRemoteSwiftPackageReference section */
		67CCD0762A49AAE000B43742 /* XCRemoteSwiftPackageReference "firebase-ios-sdk" */ = {
			isa = XCRemoteSwiftPackageReference;
			repositoryURL = "https://github.com/firebase/firebase-ios-sdk";
			requirement = {
				kind = upToNextMajorVersion;
				minimumVersion = 10.0.0;
			};
		};
/* End XCRemoteSwiftPackageReference section */

/* Begin XCSwiftPackageProductDependency section */
		67CCD0772A49AAE000B43742 /* FirebaseAuth */ = {
			isa = XCSwiftPackageProductDependency;
			package = 67CCD0762A49AAE000B43742 /* XCRemoteSwiftPackageReference "firebase-ios-sdk" */;
			productName = FirebaseAuth;
		};
		67CCD0792A49AAE000B43742 /* FirebaseFirestore */ = {
			isa = XCSwiftPackageProductDependency;
			package = 67CCD0762A49AAE000B43742 /* XCRemoteSwiftPackageReference "firebase-ios-sdk" */;
			productName = FirebaseFirestore;
		};
		67CCD07B2A49AAE000B43742 /* FirebaseFirestoreSwift */ = {
			isa = XCSwiftPackageProductDependency;
			package = 67CCD0762A49AAE000B43742 /* XCRemoteSwiftPackageReference "firebase-ios-sdk" */;
			productName = FirebaseFirestoreSwift;
		};
/* End XCSwiftPackageProductDependency section */
	};
	rootObject = 67CCD05D2A49A8B700B43742 /* Project object */;
}
